
Microsoft Visual Studio Solution File, Format Version 12.00
# Visual Studio Version 16
VisualStudioVersion = 25.0.1703.7
MinimumVisualStudioVersion = 10.0.40219.1
Project("{FAE04EC0-301F-11D3-BF4B-00C04F79EFBC}") = "GetHouses", "GetHouses\GetHouses.csproj", "{A17F405C-66C8-4357-807F-BA8E0EE0FFB1}"
EndProject
Global
	GlobalSection(SolutionConfigurationPlatforms) = preSolution
		Debug|Any CPU = Debug|Any CPU
		Release|Any CPU = Release|Any CPU
	EndGlobalSection
	GlobalSection(ProjectConfigurationPlatforms) = postSolution
		{A17F405C-66C8-4357-807F-BA8E0EE0FFB1}.Debug|Any CPU.ActiveCfg = Debug|Any CPU
		{A17F405C-66C8-4357-807F-BA8E0EE0FFB1}.Debug|Any CPU.Build.0 = Debug|Any CPU
		{A17F405C-66C8-4357-807F-BA8E0EE0FFB1}.Release|Any CPU.ActiveCfg = Release|Any CPU
		{A17F405C-66C8-4357-807F-BA8E0EE0FFB1}.Release|Any CPU.Build.0 = Release|Any CPU
	EndGlobalSection
	GlobalSection(SolutionProperties) = preSolution
		HideSolutionNode = FALSE
	EndGlobalSection
	GlobalSection(ExtensibilityGlobals) = postSolution
		SolutionGuid = {FF80A4AE-2CA3-48BB-8666-7BCDA106B882}
	EndGlobalSection
EndGlobal
